Microsoft Visual Studio Solution File, Format Version 9.00
# Visual Studio 2005
Project("{FAE04EC0-301F-11D3-BF4B-00C04F79EFBC}") = "WebApplication1", "WebSite\WebApplication1.csproj", "{B047420B-A7DE-492A-A9F2-A41F1D122A62}"
	ProjectSection(WebsiteProperties) = preProject
		Debug.AspNetCompiler.Debug = "True"
		Release.AspNetCompiler.Debug = "False"
	EndProjectSection
EndProject
Global
	GlobalSection(SolutionConfigurationPlatforms) = preSolution
		Debug|Any CPU = Debug|Any CPU
		Release|Any CPU = Release|Any CPU
	EndGlobalSection
	GlobalSection(ProjectConfigurationPlatforms) = postSolution
		{B047420B-A7DE-492A-A9F2-A41F1D122A62}.Debug|Any CPU.ActiveCfg = Debug|Any CPU
		{B047420B-A7DE-492A-A9F2-A41F1D122A62}.Debug|Any CPU.Build.0 = Debug|Any CPU
		{B047420B-A7DE-492A-A9F2-A41F1D122A62}.Release|Any CPU.ActiveCfg = Release|Any CPU
		{B047420B-A7DE-492A-A9F2-A41F1D122A62}.Release|Any CPU.Build.0 = Release|Any CPU
	EndGlobalSection
	GlobalSection(SolutionProperties) = preSolution
		HideSolutionNode = FALSE
	EndGlobalSection
EndGlobal
